
Microsoft Visual Studio Solution File, Format Version 12.00
# Visual Studio Version 17
VisualStudioVersion = 17.7.34024.191
MinimumVisualStudioVersion = 10.0.40219.1
Project("{FAE04EC0-301F-11D3-BF4B-00C04F79EFBC}") = "Week2", "Week2\Week2.csproj", "{0BAAB7B7-EFE1-4AB6-9D6C-71BAADC80E04}"
EndProject
Project("{FAE04EC0-301F-11D3-BF4B-00C04F79EFBC}") = "UserGenderValidation", "UserGenderValidation\UserGenderValidation.csproj", "{D8978DA1-06C8-4C23-A56C-550BDBC94E66}"
EndProject
Project("{FAE04EC0-301F-11D3-BF4B-00C04F79EFBC}") = "UserAgeValidation", "UserAgeValidation\UserAgeValidation.csproj", "{5CFCD88C-5F4F-4E2E-BCF6-51946208873F}"
EndProject
Global
	GlobalSection(SolutionConfigurationPlatforms) = preSolution
		Debug|Any CPU = Debug|Any CPU
		Release|Any CPU = Release|Any CPU
	EndGlobalSection
	GlobalSection(ProjectConfigurationPlatforms) = postSolution
		{0BAAB7B7-EFE1-4AB6-9D6C-71BAADC80E04}.Debug|Any CPU.ActiveCfg = Debug|Any CPU
		{0BAAB7B7-EFE1-4AB6-9D6C-71BAADC80E04}.Debug|Any CPU.Build.0 = Debug|Any CPU
		{0BAAB7B7-EFE1-4AB6-9D6C-71BAADC80E04}.Release|Any CPU.ActiveCfg = Release|Any CPU
		{0BAAB7B7-EFE1-4AB6-9D6C-71BAADC80E04}.Release|Any CPU.Build.0 = Release|Any CPU
		{D8978DA1-06C8-4C23-A56C-550BDBC94E66}.Debug|Any CPU.ActiveCfg = Debug|Any CPU
		{D8978DA1-06C8-4C23-A56C-550BDBC94E66}.Debug|Any CPU.Build.0 = Debug|Any CPU
		{D8978DA1-06C8-4C23-A56C-550BDBC94E66}.Release|Any CPU.ActiveCfg = Release|Any CPU
		{D8978DA1-06C8-4C23-A56C-550BDBC94E66}.Release|Any CPU.Build.0 = Release|Any CPU
		{5CFCD88C-5F4F-4E2E-BCF6-51946208873F}.Debug|Any CPU.ActiveCfg = Debug|Any CPU
		{5CFCD88C-5F4F-4E2E-BCF6-51946208873F}.Debug|Any CPU.Build.0 = Debug|Any CPU
		{5CFCD88C-5F4F-4E2E-BCF6-51946208873F}.Release|Any CPU.ActiveCfg = Release|Any CPU
		{5CFCD88C-5F4F-4E2E-BCF6-51946208873F}.Release|Any CPU.Build.0 = Release|Any CPU
	EndGlobalSection
	GlobalSection(SolutionProperties) = preSolution
		HideSolutionNode = FALSE
	EndGlobalSection
	GlobalSection(ExtensibilityGlobals) = postSolution
		SolutionGuid = {8ED4581F-8B42-4E87-97EB-E1DB7612B54F}
	EndGlobalSection
EndGlobal
